
Microsoft Visual Studio Solution File, Format Version 12.00
# Visual Studio 15
VisualStudioVersion = 15.0.26430.14
MinimumVisualStudioVersion = 10.0.40219.1
Project("{9A19103F-16F7-4668-BE54-9A1E7A4F7556}") = "ECS", "ECS\ECS.csproj", "{7223AD36-61E8-4615-B110-396E762B40F1}"
EndProject
Project("{F2A71F9B-5D33-465A-A702-920D77279786}") = "ECS_FS", "ECS_FS\ECS_FS.fsproj", "{0505CD17-79B2-4D99-AEF7-7A0B376C46E5}"
EndProject
Global
	GlobalSection(SolutionConfigurationPlatforms) = preSolution
		Debug|Any CPU = Debug|Any CPU
		Release|Any CPU = Release|Any CPU
	EndGlobalSection
	GlobalSection(ProjectConfigurationPlatforms) = postSolution
		{7223AD36-61E8-4615-B110-396E762B40F1}.Debug|Any CPU.ActiveCfg = Debug|Any CPU
		{7223AD36-61E8-4615-B110-396E762B40F1}.Debug|Any CPU.Build.0 = Debug|Any CPU
		{7223AD36-61E8-4615-B110-396E762B40F1}.Release|Any CPU.ActiveCfg = Release|Any CPU
		{7223AD36-61E8-4615-B110-396E762B40F1}.Release|Any CPU.Build.0 = Release|Any CPU
		{0505CD17-79B2-4D99-AEF7-7A0B376C46E5}.Debug|Any CPU.ActiveCfg = Debug|Any CPU
		{0505CD17-79B2-4D99-AEF7-7A0B376C46E5}.Debug|Any CPU.Build.0 = Debug|Any CPU
		{0505CD17-79B2-4D99-AEF7-7A0B376C46E5}.Release|Any CPU.ActiveCfg = Release|Any CPU
		{0505CD17-79B2-4D99-AEF7-7A0B376C46E5}.Release|Any CPU.Build.0 = Release|Any CPU
	EndGlobalSection
	GlobalSection(SolutionProperties) = preSolution
		HideSolutionNode = FALSE
	EndGlobalSection
	GlobalSection(ExtensibilityGlobals) = postSolution
		SolutionGuid = {A33355C3-EE49-4E0D-BBBD-3E29F0E67A1C}
	EndGlobalSection
EndGlobal
