
Microsoft Visual Studio Solution File, Format Version 12.00
# Visual Studio 15
VisualStudioVersion = 15.0.27703.2026
MinimumVisualStudioVersion = 10.0.40219.1
Project("{6EC3EE1D-3C4E-46DD-8F32-0CC8E7565705}") = "JsonToParsedData", "JsonToParsedData\JsonToParsedData.fsproj", "{6ADA2A5E-CC6F-4381-A2F8-C5F75CD44233}"
EndProject
Project("{6EC3EE1D-3C4E-46DD-8F32-0CC8E7565705}") = "ParserBase", "ParserBase\ParserBase.fsproj", "{A8D1C9EE-6511-483C-8D97-299502D73A14}"
EndProject
Global
	GlobalSection(SolutionConfigurationPlatforms) = preSolution
		Debug|Any CPU = Debug|Any CPU
		Release|Any CPU = Release|Any CPU
	EndGlobalSection
	GlobalSection(ProjectConfigurationPlatforms) = postSolution
		{6ADA2A5E-CC6F-4381-A2F8-C5F75CD44233}.Debug|Any CPU.ActiveCfg = Debug|Any CPU
		{6ADA2A5E-CC6F-4381-A2F8-C5F75CD44233}.Debug|Any CPU.Build.0 = Debug|Any CPU
		{6ADA2A5E-CC6F-4381-A2F8-C5F75CD44233}.Release|Any CPU.ActiveCfg = Release|Any CPU
		{6ADA2A5E-CC6F-4381-A2F8-C5F75CD44233}.Release|Any CPU.Build.0 = Release|Any CPU
		{A8D1C9EE-6511-483C-8D97-299502D73A14}.Debug|Any CPU.ActiveCfg = Debug|Any CPU
		{A8D1C9EE-6511-483C-8D97-299502D73A14}.Debug|Any CPU.Build.0 = Debug|Any CPU
		{A8D1C9EE-6511-483C-8D97-299502D73A14}.Release|Any CPU.ActiveCfg = Release|Any CPU
		{A8D1C9EE-6511-483C-8D97-299502D73A14}.Release|Any CPU.Build.0 = Release|Any CPU
	EndGlobalSection
	GlobalSection(SolutionProperties) = preSolution
		HideSolutionNode = FALSE
	EndGlobalSection
	GlobalSection(ExtensibilityGlobals) = postSolution
		SolutionGuid = {348340DB-A5E6-4EA7-821B-6A5CF1E42937}
	EndGlobalSection
EndGlobal
