
Microsoft Visual Studio Solution File, Format Version 12.00
# Visual Studio 15
VisualStudioVersion = 15.0.27703.2026
MinimumVisualStudioVersion = 10.0.40219.1
Project("{6EC3EE1D-3C4E-46DD-8F32-0CC8E7565705}") = "ParserBase", "Parser\ParserBase.fsproj", "{ECC4021E-4CF1-4C11-AB80-4B76936BE8D0}"
EndProject
Project("{6EC3EE1D-3C4E-46DD-8F32-0CC8E7565705}") = "JsonToParsedData", "JsonToParsedData\JsonToParsedData.fsproj", "{2F477DBA-6CCA-46E6-A048-CB8C21B9833A}"
EndProject
Project("{FAE04EC0-301F-11D3-BF4B-00C04F79EFBC}") = "Gametest", "Gametest\Gametest.csproj", "{DC13C136-2BE5-4767-A5FE-64E2E8A3A067}"
EndProject
Project("{F2A71F9B-5D33-465A-A702-920D77279786}") = "testenvironmentfsharp", "testenvironmentfsharp\testenvironmentfsharp.fsproj", "{E4A0859E-5B29-449F-BDA0-22F029761359}"
EndProject
Global
	GlobalSection(SolutionConfigurationPlatforms) = preSolution
		Debug|Any CPU = Debug|Any CPU
		Debug|x86 = Debug|x86
		Release|Any CPU = Release|Any CPU
		Release|x86 = Release|x86
	EndGlobalSection
	GlobalSection(ProjectConfigurationPlatforms) = postSolution
		{ECC4021E-4CF1-4C11-AB80-4B76936BE8D0}.Debug|Any CPU.ActiveCfg = Debug|Any CPU
		{ECC4021E-4CF1-4C11-AB80-4B76936BE8D0}.Debug|Any CPU.Build.0 = Debug|Any CPU
		{ECC4021E-4CF1-4C11-AB80-4B76936BE8D0}.Debug|x86.ActiveCfg = Debug|Any CPU
		{ECC4021E-4CF1-4C11-AB80-4B76936BE8D0}.Debug|x86.Build.0 = Debug|Any CPU
		{ECC4021E-4CF1-4C11-AB80-4B76936BE8D0}.Release|Any CPU.ActiveCfg = Release|Any CPU
		{ECC4021E-4CF1-4C11-AB80-4B76936BE8D0}.Release|Any CPU.Build.0 = Release|Any CPU
		{ECC4021E-4CF1-4C11-AB80-4B76936BE8D0}.Release|x86.ActiveCfg = Release|Any CPU
		{ECC4021E-4CF1-4C11-AB80-4B76936BE8D0}.Release|x86.Build.0 = Release|Any CPU
		{2F477DBA-6CCA-46E6-A048-CB8C21B9833A}.Debug|Any CPU.ActiveCfg = Debug|Any CPU
		{2F477DBA-6CCA-46E6-A048-CB8C21B9833A}.Debug|Any CPU.Build.0 = Debug|Any CPU
		{2F477DBA-6CCA-46E6-A048-CB8C21B9833A}.Debug|x86.ActiveCfg = Debug|Any CPU
		{2F477DBA-6CCA-46E6-A048-CB8C21B9833A}.Debug|x86.Build.0 = Debug|Any CPU
		{2F477DBA-6CCA-46E6-A048-CB8C21B9833A}.Release|Any CPU.ActiveCfg = Release|Any CPU
		{2F477DBA-6CCA-46E6-A048-CB8C21B9833A}.Release|Any CPU.Build.0 = Release|Any CPU
		{2F477DBA-6CCA-46E6-A048-CB8C21B9833A}.Release|x86.ActiveCfg = Release|Any CPU
		{2F477DBA-6CCA-46E6-A048-CB8C21B9833A}.Release|x86.Build.0 = Release|Any CPU
		{DC13C136-2BE5-4767-A5FE-64E2E8A3A067}.Debug|Any CPU.ActiveCfg = Debug|x86
		{DC13C136-2BE5-4767-A5FE-64E2E8A3A067}.Debug|Any CPU.Build.0 = Debug|x86
		{DC13C136-2BE5-4767-A5FE-64E2E8A3A067}.Debug|x86.ActiveCfg = Debug|x86
		{DC13C136-2BE5-4767-A5FE-64E2E8A3A067}.Debug|x86.Build.0 = Debug|x86
		{DC13C136-2BE5-4767-A5FE-64E2E8A3A067}.Release|Any CPU.ActiveCfg = Release|x86
		{DC13C136-2BE5-4767-A5FE-64E2E8A3A067}.Release|x86.ActiveCfg = Release|x86
		{DC13C136-2BE5-4767-A5FE-64E2E8A3A067}.Release|x86.Build.0 = Release|x86
		{E4A0859E-5B29-449F-BDA0-22F029761359}.Debug|Any CPU.ActiveCfg = Debug|Any CPU
		{E4A0859E-5B29-449F-BDA0-22F029761359}.Debug|Any CPU.Build.0 = Debug|Any CPU
		{E4A0859E-5B29-449F-BDA0-22F029761359}.Debug|x86.ActiveCfg = Debug|Any CPU
		{E4A0859E-5B29-449F-BDA0-22F029761359}.Debug|x86.Build.0 = Debug|Any CPU
		{E4A0859E-5B29-449F-BDA0-22F029761359}.Release|Any CPU.ActiveCfg = Release|Any CPU
		{E4A0859E-5B29-449F-BDA0-22F029761359}.Release|Any CPU.Build.0 = Release|Any CPU
		{E4A0859E-5B29-449F-BDA0-22F029761359}.Release|x86.ActiveCfg = Release|Any CPU
		{E4A0859E-5B29-449F-BDA0-22F029761359}.Release|x86.Build.0 = Release|Any CPU
	EndGlobalSection
	GlobalSection(SolutionProperties) = preSolution
		HideSolutionNode = FALSE
	EndGlobalSection
	GlobalSection(ExtensibilityGlobals) = postSolution
		SolutionGuid = {348340DB-A5E6-4EA7-821B-6A5CF1E42937}
	EndGlobalSection
EndGlobal
