
Microsoft Visual Studio Solution File, Format Version 12.00
# Visual Studio 15
VisualStudioVersion = 15.0.27703.2026
MinimumVisualStudioVersion = 10.0.40219.1
Project("{6EC3EE1D-3C4E-46DD-8F32-0CC8E7565705}") = "ParserBase", "Parser\ParserBase.fsproj", "{ECC4021E-4CF1-4C11-AB80-4B76936BE8D0}"
EndProject
Project("{6EC3EE1D-3C4E-46DD-8F32-0CC8E7565705}") = "JsonToParsedData", "JsonToParsedData\JsonToParsedData.fsproj", "{2F477DBA-6CCA-46E6-A048-CB8C21B9833A}"
EndProject
Project("{FAE04EC0-301F-11D3-BF4B-00C04F79EFBC}") = "Gametest", "Gametest\Gametest.csproj", "{DC13C136-2BE5-4767-A5FE-64E2E8A3A067}"
EndProject
Project("{6EC3EE1D-3C4E-46DD-8F32-0CC8E7565705}") = "testenvironmentfsharp", "testenvironmentfsharp\testenvironmentfsharp.fsproj", "{E4A0859E-5B29-449F-BDA0-22F029761359}"
EndProject
Project("{6EC3EE1D-3C4E-46DD-8F32-0CC8E7565705}") = "GenerateClasses", "GenerateClasses\GenerateClasses.fsproj", "{4ADF9C38-132C-4DC2-8E4D-0C61920DA38B}"
EndProject
Project("{9A19103F-16F7-4668-BE54-9A1E7A4F7556}") = "TopologicalSort", "TopologicalSort\TopologicalSort.csproj", "{4EC46A95-2C28-45AA-AFCD-098E0E15C069}"
EndProject
Project("{FAE04EC0-301F-11D3-BF4B-00C04F79EFBC}") = "Csharptestenvironment", "Csharptestenvironment\Csharptestenvironment.csproj", "{A59A5C91-00CF-4A4B-AE8A-E88E0EEADA34}"
EndProject
Global
	GlobalSection(SolutionConfigurationPlatforms) = preSolution
		Debug|Any CPU = Debug|Any CPU
		Debug|x86 = Debug|x86
		Release|Any CPU = Release|Any CPU
		Release|x86 = Release|x86
	EndGlobalSection
	GlobalSection(ProjectConfigurationPlatforms) = postSolution
		{ECC4021E-4CF1-4C11-AB80-4B76936BE8D0}.Debug|Any CPU.ActiveCfg = Debug|Any CPU
		{ECC4021E-4CF1-4C11-AB80-4B76936BE8D0}.Debug|Any CPU.Build.0 = Debug|Any CPU
		{ECC4021E-4CF1-4C11-AB80-4B76936BE8D0}.Debug|x86.ActiveCfg = Debug|Any CPU
		{ECC4021E-4CF1-4C11-AB80-4B76936BE8D0}.Debug|x86.Build.0 = Debug|Any CPU
		{ECC4021E-4CF1-4C11-AB80-4B76936BE8D0}.Release|Any CPU.ActiveCfg = Release|Any CPU
		{ECC4021E-4CF1-4C11-AB80-4B76936BE8D0}.Release|Any CPU.Build.0 = Release|Any CPU
		{ECC4021E-4CF1-4C11-AB80-4B76936BE8D0}.Release|x86.ActiveCfg = Release|Any CPU
		{ECC4021E-4CF1-4C11-AB80-4B76936BE8D0}.Release|x86.Build.0 = Release|Any CPU
		{2F477DBA-6CCA-46E6-A048-CB8C21B9833A}.Debug|Any CPU.ActiveCfg = Debug|Any CPU
		{2F477DBA-6CCA-46E6-A048-CB8C21B9833A}.Debug|Any CPU.Build.0 = Debug|Any CPU
		{2F477DBA-6CCA-46E6-A048-CB8C21B9833A}.Debug|x86.ActiveCfg = Debug|Any CPU
		{2F477DBA-6CCA-46E6-A048-CB8C21B9833A}.Debug|x86.Build.0 = Debug|Any CPU
		{2F477DBA-6CCA-46E6-A048-CB8C21B9833A}.Release|Any CPU.ActiveCfg = Release|Any CPU
		{2F477DBA-6CCA-46E6-A048-CB8C21B9833A}.Release|Any CPU.Build.0 = Release|Any CPU
		{2F477DBA-6CCA-46E6-A048-CB8C21B9833A}.Release|x86.ActiveCfg = Release|Any CPU
		{2F477DBA-6CCA-46E6-A048-CB8C21B9833A}.Release|x86.Build.0 = Release|Any CPU
		{DC13C136-2BE5-4767-A5FE-64E2E8A3A067}.Debug|Any CPU.ActiveCfg = Debug|x86
		{DC13C136-2BE5-4767-A5FE-64E2E8A3A067}.Debug|Any CPU.Build.0 = Debug|x86
		{DC13C136-2BE5-4767-A5FE-64E2E8A3A067}.Debug|x86.ActiveCfg = Debug|x86
		{DC13C136-2BE5-4767-A5FE-64E2E8A3A067}.Debug|x86.Build.0 = Debug|x86
		{DC13C136-2BE5-4767-A5FE-64E2E8A3A067}.Release|Any CPU.ActiveCfg = Release|x86
		{DC13C136-2BE5-4767-A5FE-64E2E8A3A067}.Release|x86.ActiveCfg = Release|x86
		{DC13C136-2BE5-4767-A5FE-64E2E8A3A067}.Release|x86.Build.0 = Release|x86
		{E4A0859E-5B29-449F-BDA0-22F029761359}.Debug|Any CPU.ActiveCfg = Debug|Any CPU
		{E4A0859E-5B29-449F-BDA0-22F029761359}.Debug|Any CPU.Build.0 = Debug|Any CPU
		{E4A0859E-5B29-449F-BDA0-22F029761359}.Debug|x86.ActiveCfg = Debug|Any CPU
		{E4A0859E-5B29-449F-BDA0-22F029761359}.Debug|x86.Build.0 = Debug|Any CPU
		{E4A0859E-5B29-449F-BDA0-22F029761359}.Release|Any CPU.ActiveCfg = Release|Any CPU
		{E4A0859E-5B29-449F-BDA0-22F029761359}.Release|Any CPU.Build.0 = Release|Any CPU
		{E4A0859E-5B29-449F-BDA0-22F029761359}.Release|x86.ActiveCfg = Release|Any CPU
		{E4A0859E-5B29-449F-BDA0-22F029761359}.Release|x86.Build.0 = Release|Any CPU
		{4ADF9C38-132C-4DC2-8E4D-0C61920DA38B}.Debug|Any CPU.ActiveCfg = Debug|Any CPU
		{4ADF9C38-132C-4DC2-8E4D-0C61920DA38B}.Debug|Any CPU.Build.0 = Debug|Any CPU
		{4ADF9C38-132C-4DC2-8E4D-0C61920DA38B}.Debug|x86.ActiveCfg = Debug|Any CPU
		{4ADF9C38-132C-4DC2-8E4D-0C61920DA38B}.Debug|x86.Build.0 = Debug|Any CPU
		{4ADF9C38-132C-4DC2-8E4D-0C61920DA38B}.Release|Any CPU.ActiveCfg = Release|Any CPU
		{4ADF9C38-132C-4DC2-8E4D-0C61920DA38B}.Release|Any CPU.Build.0 = Release|Any CPU
		{4ADF9C38-132C-4DC2-8E4D-0C61920DA38B}.Release|x86.ActiveCfg = Release|Any CPU
		{4ADF9C38-132C-4DC2-8E4D-0C61920DA38B}.Release|x86.Build.0 = Release|Any CPU
		{4EC46A95-2C28-45AA-AFCD-098E0E15C069}.Debug|Any CPU.ActiveCfg = Debug|Any CPU
		{4EC46A95-2C28-45AA-AFCD-098E0E15C069}.Debug|Any CPU.Build.0 = Debug|Any CPU
		{4EC46A95-2C28-45AA-AFCD-098E0E15C069}.Debug|x86.ActiveCfg = Debug|Any CPU
		{4EC46A95-2C28-45AA-AFCD-098E0E15C069}.Debug|x86.Build.0 = Debug|Any CPU
		{4EC46A95-2C28-45AA-AFCD-098E0E15C069}.Release|Any CPU.ActiveCfg = Release|Any CPU
		{4EC46A95-2C28-45AA-AFCD-098E0E15C069}.Release|Any CPU.Build.0 = Release|Any CPU
		{4EC46A95-2C28-45AA-AFCD-098E0E15C069}.Release|x86.ActiveCfg = Release|Any CPU
		{4EC46A95-2C28-45AA-AFCD-098E0E15C069}.Release|x86.Build.0 = Release|Any CPU
		{A59A5C91-00CF-4A4B-AE8A-E88E0EEADA34}.Debug|Any CPU.ActiveCfg = Debug|Any CPU
		{A59A5C91-00CF-4A4B-AE8A-E88E0EEADA34}.Debug|Any CPU.Build.0 = Debug|Any CPU
		{A59A5C91-00CF-4A4B-AE8A-E88E0EEADA34}.Debug|x86.ActiveCfg = Debug|Any CPU
		{A59A5C91-00CF-4A4B-AE8A-E88E0EEADA34}.Debug|x86.Build.0 = Debug|Any CPU
		{A59A5C91-00CF-4A4B-AE8A-E88E0EEADA34}.Release|Any CPU.ActiveCfg = Release|Any CPU
		{A59A5C91-00CF-4A4B-AE8A-E88E0EEADA34}.Release|Any CPU.Build.0 = Release|Any CPU
		{A59A5C91-00CF-4A4B-AE8A-E88E0EEADA34}.Release|x86.ActiveCfg = Release|Any CPU
		{A59A5C91-00CF-4A4B-AE8A-E88E0EEADA34}.Release|x86.Build.0 = Release|Any CPU
	EndGlobalSection
	GlobalSection(SolutionProperties) = preSolution
		HideSolutionNode = FALSE
	EndGlobalSection
	GlobalSection(ExtensibilityGlobals) = postSolution
		SolutionGuid = {348340DB-A5E6-4EA7-821B-6A5CF1E42937}
	EndGlobalSection
EndGlobal
